// !$*UTF8*$!
{
	archiveVersion = 1;
	classes = {
	};
	objectVersion = 46;
	objects = {

/* Begin PBXBuildFile section */
		3E2ADBF11D2C6F070011A519 /* AppDelegate.swift in Sources */ = {isa = PBXBuildFile; fileRef = 3E2ADBF01D2C6F070011A519 /* AppDelegate.swift */; };
		3E2ADBF31D2C6F070011A519 /* ViewController.swift in Sources */ = {isa = PBXBuildFile; fileRef = 3E2ADBF21D2C6F070011A519 /* ViewController.swift */; };
		3E2ADBF61D2C6F070011A519 /* Main.storyboard in Resources */ = {isa = PBXBuildFile; fileRef = 3E2ADBF41D2C6F070011A519 /* Main.storyboard */; };
		3E2ADBF81D2C6F070011A519 /* Assets.xcassets in Resources */ = {isa = PBXBuildFile; fileRef = 3E2ADBF71D2C6F070011A519 /* Assets.xcassets */; };
		3E2ADBFB1D2C6F070011A519 /* LaunchScreen.storyboard in Resources */ = {isa = PBXBuildFile; fileRef = 3E2ADBF91D2C6F070011A519 /* LaunchScreen.storyboard */; };
		3E2ADC061D2C6F070011A519 /* ASLAppTests.swift in Sources */ = {isa = PBXBuildFile; fileRef = 3E2ADC051D2C6F070011A519 /* ASLAppTests.swift */; };
		3E2ADC111D2C6F070011A519 /* ASLAppUITests.swift in Sources */ = {isa = PBXBuildFile; fileRef = 3E2ADC101D2C6F070011A519 /* ASLAppUITests.swift */; };
/* End PBXBuildFile section */

/* Begin PBXContainerItemProxy section */
		3E2ADC021D2C6F070011A519 /* PBXContainerItemProxy */ = {
			isa = PBXContainerItemProxy;
			containerPortal = 3E2ADBE51D2C6F070011A519 /* Project object */;
			proxyType = 1;
			remoteGlobalIDString = 3E2ADBEC1D2C6F070011A519;
			remoteInfo = ASLApp;
		};
		3E2ADC0D1D2C6F070011A519 /* PBXContainerItemProxy */ = {
			isa = PBXContainerItemProxy;
			containerPortal = 3E2ADBE51D2C6F070011A519 /* Project object */;
			proxyType = 1;
			remoteGlobalIDString = 3E2ADBEC1D2C6F070011A519;
			remoteInfo = ASLApp;
		};
/* End PBXContainerItemProxy section */

/* Begin PBXFileReference section */
		3E2ADBED1D2C6F070011A519 /* ASLApp.app */ = {isa = PBXFileReference; explicitFileType = wrapper.application; includeInIndex = 0; path = ASLApp.app; sourceTree = BUILT_PRODUCTS_DIR; };
		3E2ADBF01D2C6F070011A519 /* AppDelegate.swift */ = {isa = PBXFileReference; lastKnownFileType = sourcecode.swift; path = AppDelegate.swift; sourceTree = "<group>"; };
		3E2ADBF21D2C6F070011A519 /* ViewController.swift */ = {isa = PBXFileReference; lastKnownFileType = sourcecode.swift; path = ViewController.swift; sourceTree = "<group>"; };
		3E2ADBF51D2C6F070011A519 /* Base */ = {isa = PBXFileReference; lastKnownFileType = file.storyboard; name = Base; path = Base.lproj/Main.storyboard; sourceTree = "<group>"; };
		3E2ADBF71D2C6F070011A519 /* Assets.xcassets */ = {isa = PBXFileReference; lastKnownFileType = folder.assetcatalog; path = Assets.xcassets; sourceTree = "<group>"; };
		3E2ADBFA1D2C6F070011A519 /* Base */ = {isa = PBXFileReference; lastKnownFileType = file.storyboard; name = Base; path = Base.lproj/LaunchScreen.storyboard; sourceTree = "<group>"; };
		3E2ADBFC1D2C6F070011A519 /* Info.plist */ = {isa = PBXFileReference; lastKnownFileType = text.plist.xml; path = Info.plist; sourceTree = "<group>"; };
		3E2ADC011D2C6F070011A519 /* ASLAppTests.xctest */ = {isa = PBXFileReference; explicitFileType = wrapper.cfbundle; includeInIndex = 0; path = ASLAppTests.xctest; sourceTree = BUILT_PRODUCTS_DIR; };
		3E2ADC051D2C6F070011A519 /* ASLAppTests.swift */ = {isa = PBXFileReference; lastKnownFileType = sourcecode.swift; path = ASLAppTests.swift; sourceTree = "<group>"; };
		3E2ADC071D2C6F070011A519 /* Info.plist */ = {isa = PBXFileReference; lastKnownFileType = text.plist.xml; path = Info.plist; sourceTree = "<group>"; };
		3E2ADC0C1D2C6F070011A519 /* ASLAppUITests.xctest */ = {isa = PBXFileReference; explicitFileType = wrapper.cfbundle; includeInIndex = 0; path = ASLAppUITests.xctest; sourceTree = BUILT_PRODUCTS_DIR; };
		3E2ADC101D2C6F070011A519 /* ASLAppUITests.swift */ = {isa = PBXFileReference; lastKnownFileType = sourcecode.swift; path = ASLAppUITests.swift; sourceTree = "<group>"; };
		3E2ADC121D2C6F070011A519 /* Info.plist */ = {isa = PBXFileReference; lastKnownFileType = text.plist.xml; path = Info.plist; sourceTree = "<group>"; };
/* End PBXFileReference section */

/* Begin PBXFrameworksBuildPhase section */
		3E2ADBEA1D2C6F070011A519 /* Frameworks */ = {
			isa = PBXFrameworksBuildPhase;
			buildActionMask = 2147483647;
			files = (
			);
			runOnlyForDeploymentPostprocessing = 0;
		};
		3E2ADBFE1D2C6F070011A519 /* Frameworks */ = {
			isa = PBXFrameworksBuildPhase;
			buildActionMask = 2147483647;
			files = (
			);
			runOnlyForDeploymentPostprocessing = 0;
		};
		3E2ADC091D2C6F070011A519 /* Frameworks */ = {
			isa = PBXFrameworksBuildPhase;
			buildActionMask = 2147483647;
			files = (
			);
			runOnlyForDeploymentPostprocessing = 0;
		};
/* End PBXFrameworksBuildPhase section */

/* Begin PBXGroup section */
		3E2ADBE41D2C6F070011A519 = {
			isa = PBXGroup;
			children = (
				3E2ADBEF1D2C6F070011A519 /* ASLApp */,
				3E2ADC041D2C6F070011A519 /* ASLAppTests */,
				3E2ADC0F1D2C6F070011A519 /* ASLAppUITests */,
				3E2ADBEE1D2C6F070011A519 /* Products */,
			);
			sourceTree = "<group>";
		};
		3E2ADBEE1D2C6F070011A519 /* Products */ = {
			isa = PBXGroup;
			children = (
				3E2ADBED1D2C6F070011A519 /* ASLApp.app */,
				3E2ADC011D2C6F070011A519 /* ASLAppTests.xctest */,
				3E2ADC0C1D2C6F070011A519 /* ASLAppUITests.xctest */,
			);
			name = Products;
			sourceTree = "<group>";
		};
		3E2ADBEF1D2C6F070011A519 /* ASLApp */ = {
			isa = PBXGroup;
			children = (
				3E2ADBF01D2C6F070011A519 /* AppDelegate.swift */,
				3E2ADBF21D2C6F070011A519 /* ViewController.swift */,
				3E2ADBF41D2C6F070011A519 /* Main.storyboard */,
				3E2ADBF71D2C6F070011A519 /* Assets.xcassets */,
				3E2ADBF91D2C6F070011A519 /* LaunchScreen.storyboard */,
				3E2ADBFC1D2C6F070011A519 /* Info.plist */,
			);
			path = ASLApp;
			sourceTree = "<group>";
		};
		3E2ADC041D2C6F070011A519 /* ASLAppTests */ = {
			isa = PBXGroup;
			children = (
				3E2ADC051D2C6F070011A519 /* ASLAppTests.swift */,
				3E2ADC071D2C6F070011A519 /* Info.plist */,
			);
			path = ASLAppTests;
			sourceTree = "<group>";
		};
		3E2ADC0F1D2C6F070011A519 /* ASLAppUITests */ = {
			isa = PBXGroup;
			children = (
				3E2ADC101D2C6F070011A519 /* ASLAppUITests.swift */,
				3E2ADC121D2C6F070011A519 /* Info.plist */,
			);
			path = ASLAppUITests;
			sourceTree = "<group>";
		};
/* End PBXGroup section */

/* Begin PBXNativeTarget section */
		3E2ADBEC1D2C6F070011A519 /* ASLApp */ = {
			isa = PBXNativeTarget;
			buildConfigurationList = 3E2ADC151D2C6F070011A519 /* Build configuration list for PBXNativeTarget "ASLApp" */;
			buildPhases = (
				3E2ADBE91D2C6F070011A519 /* Sources */,
				3E2ADBEA1D2C6F070011A519 /* Frameworks */,
				3E2ADBEB1D2C6F070011A519 /* Resources */,
			);
			buildRules = (
			);
			dependencies = (
			);
			name = ASLApp;
			productName = ASLApp;
			productReference = 3E2ADBED1D2C6F070011A519 /* ASLApp.app */;
			productType = "com.apple.product-type.application";
		};
		3E2ADC001D2C6F070011A519 /* ASLAppTests */ = {
			isa = PBXNativeTarget;
			buildConfigurationList = 3E2ADC181D2C6F070011A519 /* Build configuration list for PBXNativeTarget "ASLAppTests" */;
			buildPhases = (
				3E2ADBFD1D2C6F070011A519 /* Sources */,
				3E2ADBFE1D2C6F070011A519 /* Frameworks */,
				3E2ADBFF1D2C6F070011A519 /* Resources */,
			);
			buildRules = (
			);
			dependencies = (
				3E2ADC031D2C6F070011A519 /* PBXTargetDependency */,
			);
			name = ASLAppTests;
			productName = ASLAppTests;
			productReference = 3E2ADC011D2C6F070011A519 /* ASLAppTests.xctest */;
			productType = "com.apple.product-type.bundle.unit-test";
		};
		3E2ADC0B1D2C6F070011A519 /* ASLAppUITests */ = {
			isa = PBXNativeTarget;
			buildConfigurationList = 3E2ADC1B1D2C6F070011A519 /* Build configuration list for PBXNativeTarget "ASLAppUITests" */;
			buildPhases = (
				3E2ADC081D2C6F070011A519 /* Sources */,
				3E2ADC091D2C6F070011A519 /* Frameworks */,
				3E2ADC0A1D2C6F070011A519 /* Resources */,
			);
			buildRules = (
			);
			dependencies = (
				3E2ADC0E1D2C6F070011A519 /* PBXTargetDependency */,
			);
			name = ASLAppUITests;
			productName = ASLAppUITests;
			productReference = 3E2ADC0C1D2C6F070011A519 /* ASLAppUITests.xctest */;
			productType = "com.apple.product-type.bundle.ui-testing";
		};
/* End PBXNativeTarget section */

/* Begin PBXProject section */
		3E2ADBE51D2C6F070011A519 /* Project object */ = {
			isa = PBXProject;
			attributes = {
				LastSwiftUpdateCheck = 0730;
				LastUpgradeCheck = 0730;
				ORGANIZATIONNAME = "Olivia Koshy";
				TargetAttributes = {
					3E2ADBEC1D2C6F070011A519 = {
						CreatedOnToolsVersion = 7.3.1;
					};
					3E2ADC001D2C6F070011A519 = {
						CreatedOnToolsVersion = 7.3.1;
						TestTargetID = 3E2ADBEC1D2C6F070011A519;
					};
					3E2ADC0B1D2C6F070011A519 = {
						CreatedOnToolsVersion = 7.3.1;
						TestTargetID = 3E2ADBEC1D2C6F070011A519;
					};
				};
			};
			buildConfigurationList = 3E2ADBE81D2C6F070011A519 /* Build configuration list for PBXProject "ASLApp" */;
			compatibilityVersion = "Xcode 3.2";
			developmentRegion = English;
			hasScannedForEncodings = 0;
			knownRegions = (
				en,
				Base,
			);
			mainGroup = 3E2ADBE41D2C6F070011A519;
			productRefGroup = 3E2ADBEE1D2C6F070011A519 /* Products */;
			projectDirPath = "";
			projectRoot = "";
			targets = (
				3E2ADBEC1D2C6F070011A519 /* ASLApp */,
				3E2ADC001D2C6F070011A519 /* ASLAppTests */,
				3E2ADC0B1D2C6F070011A519 /* ASLAppUITests */,
			);
		};
/* End PBXProject section */

/* Begin PBXResourcesBuildPhase section */
		3E2ADBEB1D2C6F070011A519 /* Resources */ = {
			isa = PBXResourcesBuildPhase;
			buildActionMask = 2147483647;
			files = (
				3E2ADBFB1D2C6F070011A519 /* LaunchScreen.storyboard in Resources */,
				3E2ADBF81D2C6F070011A519 /* Assets.xcassets in Resources */,
				3E2ADBF61D2C6F070011A519 /* Main.storyboard in Resources */,
			);
			runOnlyForDeploymentPostprocessing = 0;
		};
		3E2ADBFF1D2C6F070011A519 /* Resources */ = {
			isa = PBXResourcesBuildPhase;
			buildActionMask = 2147483647;
			files = (
			);
			runOnlyForDeploymentPostprocessing = 0;
		};
		3E2ADC0A1D2C6F070011A519 /* Resources */ = {
			isa = PBXResourcesBuildPhase;
			buildActionMask = 2147483647;
			files = (
			);
			runOnlyForDeploymentPostprocessing = 0;
		};
/* End PBXResourcesBuildPhase section */

/* Begin PBXSourcesBuildPhase section */
		3E2ADBE91D2C6F070011A519 /* Sources */ = {
			isa = PBXSourcesBuildPhase;
			buildActionMask = 2147483647;
			files = (
				3E2ADBF31D2C6F070011A519 /* ViewController.swift in Sources */,
				3E2ADBF11D2C6F070011A519 /* AppDelegate.swift in Sources */,
			);
			runOnlyForDeploymentPostprocessing = 0;
		};
		3E2ADBFD1D2C6F070011A519 /* Sources */ = {
			isa = PBXSourcesBuildPhase;
			buildActionMask = 2147483647;
			files = (
				3E2ADC061D2C6F070011A519 /* ASLAppTests.swift in Sources */,
			);
			runOnlyForDeploymentPostprocessing = 0;
		};
		3E2ADC081D2C6F070011A519 /* Sources */ = {
			isa = PBXSourcesBuildPhase;
			buildActionMask = 2147483647;
			files = (
				3E2ADC111D2C6F070011A519 /* ASLAppUITests.swift in Sources */,
			);
			runOnlyForDeploymentPostprocessing = 0;
		};
/* End PBXSourcesBuildPhase section */

/* Begin PBXTargetDependency section */
		3E2ADC031D2C6F070011A519 /* PBXTargetDependency */ = {
			isa = PBXTargetDependency;
			target = 3E2ADBEC1D2C6F070011A519 /* ASLApp */;
			targetProxy = 3E2ADC021D2C6F070011A519 /* PBXContainerItemProxy */;
		};
		3E2ADC0E1D2C6F070011A519 /* PBXTargetDependency */ = {
			isa = PBXTargetDependency;
			target = 3E2ADBEC1D2C6F070011A519 /* ASLApp */;
			targetProxy = 3E2ADC0D1D2C6F070011A519 /* PBXContainerItemProxy */;
		};
/* End PBXTargetDependency section */

/* Begin PBXVariantGroup section */
		3E2ADBF41D2C6F070011A519 /* Main.storyboard */ = {
			isa = PBXVariantGroup;
			children = (
				3E2ADBF51D2C6F070011A519 /* Base */,
			);
			name = Main.storyboard;
			sourceTree = "<group>";
		};
		3E2ADBF91D2C6F070011A519 /* LaunchScreen.storyboard */ = {
			isa = PBXVariantGroup;
			children = (
				3E2ADBFA1D2C6F070011A519 /* Base */,
			);
			name = LaunchScreen.storyboard;
			sourceTree = "<group>";
		};
/* End PBXVariantGroup section */

/* Begin XCBuildConfiguration section */
		3E2ADC131D2C6F070011A519 /* Debug */ = {
			isa = XCBuildConfiguration;
			buildSettings = {
				ALWAYS_SEARCH_USER_PATHS = NO;
				CLANG_ANALYZER_NONNULL = YES;
				CLANG_CXX_LANGUAGE_STANDARD = "gnu++0x";
				CLANG_CXX_LIBRARY = "libc++";
				CLANG_ENABLE_MODULES = YES;
				CLANG_ENABLE_OBJC_ARC = YES;
				CLANG_WARN_BOOL_CONVERSION = YES;
				CLANG_WARN_CONSTANT_CONVERSION = YES;
				CLANG_WARN_DIRECT_OBJC_ISA_USAGE = YES_ERROR;
				CLANG_WARN_EMPTY_BODY = YES;
				CLANG_WARN_ENUM_CONVERSION = YES;
				CLANG_WARN_INT_CONVERSION = YES;
				CLANG_WARN_OBJC_ROOT_CLASS = YES_ERROR;
				CLANG_WARN_UNREACHABLE_CODE = YES;
				CLANG_WARN__DUPLICATE_METHOD_MATCH = YES;
				"CODE_SIGN_IDENTITY[sdk=iphoneos*]" = "iPhone Developer";
				COPY_PHASE_STRIP = NO;
				DEBUG_INFORMATION_FORMAT = dwarf;
				ENABLE_STRICT_OBJC_MSGSEND = YES;
				ENABLE_TESTABILITY = YES;
				GCC_C_LANGUAGE_STANDARD = gnu99;
				GCC_DYNAMIC_NO_PIC = NO;
				GCC_NO_COMMON_BLOCKS = YES;
				GCC_OPTIMIZATION_LEVEL = 0;
				GCC_PREPROCESSOR_DEFINITIONS = (
					"DEBUG=1",
					"$(inherited)",
				);
				GCC_WARN_64_TO_32_BIT_CONVERSION = YES;
				GCC_WARN_ABOUT_RETURN_TYPE = YES_ERROR;
				GCC_WARN_UNDECLARED_SELECTOR = YES;
				GCC_WARN_UNINITIALIZED_AUTOS = YES_AGGRESSIVE;
				GCC_WARN_UNUSED_FUNCTION = YES;
				GCC_WARN_UNUSED_VARIABLE = YES;
				IPHONEOS_DEPLOYMENT_TARGET = 9.3;
				MTL_ENABLE_DEBUG_INFO = YES;
				ONLY_ACTIVE_ARCH = YES;
				SDKROOT = iphoneos;
				SWIFT_OPTIMIZATION_LEVEL = "-Onone";
			};
			name = Debug;
		};
		3E2ADC141D2C6F070011A519 /* Release */ = {
			isa = XCBuildConfiguration;
			buildSettings = {
				ALWAYS_SEARCH_USER_PATHS = NO;
				CLANG_ANALYZER_NONNULL = YES;
				CLANG_CXX_LANGUAGE_STANDARD = "gnu++0x";
				CLANG_CXX_LIBRARY = "libc++";
				CLANG_ENABLE_MODULES = YES;
				CLANG_ENABLE_OBJC_ARC = YES;
				CLANG_WARN_BOOL_CONVERSION = YES;
				CLANG_WARN_CONSTANT_CONVERSION = YES;
				CLANG_WARN_DIRECT_OBJC_ISA_USAGE = YES_ERROR;
				CLANG_WARN_EMPTY_BODY = YES;
				CLANG_WARN_ENUM_CONVERSION = YES;
				CLANG_WARN_INT_CONVERSION = YES;
				CLANG_WARN_OBJC_ROOT_CLASS = YES_ERROR;
				CLANG_WARN_UNREACHABLE_CODE = YES;
				CLANG_WARN__DUPLICATE_METHOD_MATCH = YES;
				"CODE_SIGN_IDENTITY[sdk=iphoneos*]" = "iPhone Developer";
				COPY_PHASE_STRIP = NO;
				DEBUG_INFORMATION_FORMAT = "dwarf-with-dsym";
				ENABLE_NS_ASSERTIONS = NO;
				ENABLE_STRICT_OBJC_MSGSEND = YES;
				GCC_C_LANGUAGE_STANDARD = gnu99;
				GCC_NO_COMMON_BLOCKS = YES;
				GCC_WARN_64_TO_32_BIT_CONVERSION = YES;
				GCC_WARN_ABOUT_RETURN_TYPE = YES_ERROR;
				GCC_WARN_UNDECLARED_SELECTOR = YES;
				GCC_WARN_UNINITIALIZED_AUTOS = YES_AGGRESSIVE;
				GCC_WARN_UNUSED_FUNCTION = YES;
				GCC_WARN_UNUSED_VARIABLE = YES;
				IPHONEOS_DEPLOYMENT_TARGET = 9.3;
				MTL_ENABLE_DEBUG_INFO = NO;
				SDKROOT = iphoneos;
				VALIDATE_PRODUCT = YES;
			};
			name = Release;
		};
		3E2ADC161D2C6F070011A519 /* Debug */ = {
			isa = XCBuildConfiguration;
			buildSettings = {
				ASSETCATALOG_COMPILER_APPICON_NAME = AppIcon;
				INFOPLIST_FILE = ASLApp/Info.plist;
				LD_RUNPATH_SEARCH_PATHS = "$(inherited) @executable_path/Frameworks";
				PRODUCT_BUNDLE_IDENTIFIER = com.codepath.ASLApp;
				PRODUCT_NAME = "$(TARGET_NAME)";
			};
			name = Debug;
		};
		3E2ADC171D2C6F070011A519 /* Release */ = {
			isa = XCBuildConfiguration;
			buildSettings = {
				ASSETCATALOG_COMPILER_APPICON_NAME = AppIcon;
				INFOPLIST_FILE = ASLApp/Info.plist;
				LD_RUNPATH_SEARCH_PATHS = "$(inherited) @executable_path/Frameworks";
				PRODUCT_BUNDLE_IDENTIFIER = com.codepath.ASLApp;
				PRODUCT_NAME = "$(TARGET_NAME)";
			};
			name = Release;
		};
		3E2ADC191D2C6F070011A519 /* Debug */ = {
			isa = XCBuildConfiguration;
			buildSettings = {
				BUNDLE_LOADER = "$(TEST_HOST)";
				INFOPLIST_FILE = ASLAppTests/Info.plist;
				LD_RUNPATH_SEARCH_PATHS = "$(inherited) @executable_path/Frameworks @loader_path/Frameworks";
				PRODUCT_BUNDLE_IDENTIFIER = com.codepath.ASLAppTests;
				PRODUCT_NAME = "$(TARGET_NAME)";
				TEST_HOST = "$(BUILT_PRODUCTS_DIR)/ASLApp.app/ASLApp";
			};
			name = Debug;
		};
		3E2ADC1A1D2C6F070011A519 /* Release */ = {
			isa = XCBuildConfiguration;
			buildSettings = {
				BUNDLE_LOADER = "$(TEST_HOST)";
				INFOPLIST_FILE = ASLAppTests/Info.plist;
				LD_RUNPATH_SEARCH_PATHS = "$(inherited) @executable_path/Frameworks @loader_path/Frameworks";
				PRODUCT_BUNDLE_IDENTIFIER = com.codepath.ASLAppTests;
				PRODUCT_NAME = "$(TARGET_NAME)";
				TEST_HOST = "$(BUILT_PRODUCTS_DIR)/ASLApp.app/ASLApp";
			};
			name = Release;
		};
		3E2ADC1C1D2C6F070011A519 /* Debug */ = {
			isa = XCBuildConfiguration;
			buildSettings = {
				INFOPLIST_FILE = ASLAppUITests/Info.plist;
				LD_RUNPATH_SEARCH_PATHS = "$(inherited) @executable_path/Frameworks @loader_path/Frameworks";
				PRODUCT_BUNDLE_IDENTIFIER = com.codepath.ASLAppUITests;
				PRODUCT_NAME = "$(TARGET_NAME)";
				TEST_TARGET_NAME = ASLApp;
			};
			name = Debug;
		};
		3E2ADC1D1D2C6F070011A519 /* Release */ = {
			isa = XCBuildConfiguration;
			buildSettings = {
				INFOPLIST_FILE = ASLAppUITests/Info.plist;
				LD_RUNPATH_SEARCH_PATHS = "$(inherited) @executable_path/Frameworks @loader_path/Frameworks";
				PRODUCT_BUNDLE_IDENTIFIER = com.codepath.ASLAppUITests;
				PRODUCT_NAME = "$(TARGET_NAME)";
				TEST_TARGET_NAME = ASLApp;
			};
			name = Release;
		};
/* End XCBuildConfiguration section */

/* Begin XCConfigurationList section */
		3E2ADBE81D2C6F070011A519 /* Build configuration list for PBXProject "ASLApp" */ = {
			isa = XCConfigurationList;
			buildConfigurations = (
				3E2ADC131D2C6F070011A519 /* Debug */,
				3E2ADC141D2C6F070011A519 /* Release */,
			);
			defaultConfigurationIsVisible = 0;
			defaultConfigurationName = Release;
		};
		3E2ADC151D2C6F070011A519 /* Build configuration list for PBXNativeTarget "ASLApp" */ = {
			isa = XCConfigurationList;
			buildConfigurations = (
				3E2ADC161D2C6F070011A519 /* Debug */,
				3E2ADC171D2C6F070011A519 /* Release */,
			);
			defaultConfigurationIsVisible = 0;
		};
		3E2ADC181D2C6F070011A519 /* Build configuration list for PBXNativeTarget "ASLAppTests" */ = {
			isa = XCConfigurationList;
			buildConfigurations = (
				3E2ADC191D2C6F070011A519 /* Debug */,
				3E2ADC1A1D2C6F070011A519 /* Release */,
			);
			defaultConfigurationIsVisible = 0;
		};
		3E2ADC1B1D2C6F070011A519 /* Build configuration list for PBXNativeTarget "ASLAppUITests" */ = {
			isa = XCConfigurationList;
			buildConfigurations = (
				3E2ADC1C1D2C6F070011A519 /* Debug */,
				3E2ADC1D1D2C6F070011A519 /* Release */,
			);
			defaultConfigurationIsVisible = 0;
		};
/* End XCConfigurationList section */
	};
	rootObject = 3E2ADBE51D2C6F070011A519 /* Project object */;
}
